
Microsoft Visual Studio Solution File, Format Version 11.00
# Visual Studio 2010
Project("{FAE04EC0-301F-11D3-BF4B-00C04F79EFBC}") = "GearVrRepack", "Assembly-CSharp-firstpass.csproj", "{C747BA61-E2D2-EAA4-44D5-24700F4C18E4}"
EndProject
Project("{FAE04EC0-301F-11D3-BF4B-00C04F79EFBC}") = "GearVrRepack", "Assembly-CSharp-Editor-firstpass.csproj", "{AEE7B9C2-4233-B0F7-E38A-38C945976263}"
EndProject
Global
	GlobalSection(SolutionConfigurationPlatforms) = preSolution
		Debug|Any CPU = Debug|Any CPU
		Release|Any CPU = Release|Any CPU
	EndGlobalSection
	GlobalSection(ProjectConfigurationPlatforms) = postSolution
		{C747BA61-E2D2-EAA4-44D5-24700F4C18E4}.Debug|Any CPU.ActiveCfg = Debug|Any CPU
		{C747BA61-E2D2-EAA4-44D5-24700F4C18E4}.Debug|Any CPU.Build.0 = Debug|Any CPU
		{C747BA61-E2D2-EAA4-44D5-24700F4C18E4}.Release|Any CPU.ActiveCfg = Release|Any CPU
		{C747BA61-E2D2-EAA4-44D5-24700F4C18E4}.Release|Any CPU.Build.0 = Release|Any CPU
		{AEE7B9C2-4233-B0F7-E38A-38C945976263}.Debug|Any CPU.ActiveCfg = Debug|Any CPU
		{AEE7B9C2-4233-B0F7-E38A-38C945976263}.Debug|Any CPU.Build.0 = Debug|Any CPU
		{AEE7B9C2-4233-B0F7-E38A-38C945976263}.Release|Any CPU.ActiveCfg = Release|Any CPU
		{AEE7B9C2-4233-B0F7-E38A-38C945976263}.Release|Any CPU.Build.0 = Release|Any CPU
	EndGlobalSection
	GlobalSection(SolutionProperties) = preSolution
		HideSolutionNode = FALSE
	EndGlobalSection
	GlobalSection(MonoDevelopProperties) = preSolution
		StartupItem = Assembly-CSharp.csproj
	EndGlobalSection
EndGlobal
